
Microsoft Visual Studio Solution File, Format Version 12.00
# Visual Studio Version 17
VisualStudioVersion = 17.3.32929.385
MinimumVisualStudioVersion = 10.0.40219.1
Project("{FAE04EC0-301F-11D3-BF4B-00C04F79EFBC}") = "ToDoApp", "ToDoApp\ToDoApp.csproj", "{FD5FC20B-0813-459F-88AF-7B29799A0235}"
EndProject
Global
	GlobalSection(SolutionConfigurationPlatforms) = preSolution
		Debug|Any CPU = Debug|Any CPU
		Release|Any CPU = Release|Any CPU
	EndGlobalSection
	GlobalSection(ProjectConfigurationPlatforms) = postSolution
		{FD5FC20B-0813-459F-88AF-7B29799A0235}.Debug|Any CPU.ActiveCfg = Debug|Any CPU
		{FD5FC20B-0813-459F-88AF-7B29799A0235}.Debug|Any CPU.Build.0 = Debug|Any CPU
		{FD5FC20B-0813-459F-88AF-7B29799A0235}.Release|Any CPU.ActiveCfg = Release|Any CPU
		{FD5FC20B-0813-459F-88AF-7B29799A0235}.Release|Any CPU.Build.0 = Release|Any CPU
	EndGlobalSection
	GlobalSection(SolutionProperties) = preSolution
		HideSolutionNode = FALSE
	EndGlobalSection
	GlobalSection(ExtensibilityGlobals) = postSolution
		SolutionGuid = {A84EEE2A-209F-4DA4-B8A9-61F03545E555}
	EndGlobalSection
EndGlobal
